
Microsoft Visual Studio Solution File, Format Version 12.00
# Visual Studio 14
VisualStudioVersion = 14.0.23107.0
MinimumVisualStudioVersion = 10.0.40219.1
Project("{FAE04EC0-301F-11D3-BF4B-00C04F79EFBC}") = "Dotspec", "Dotspec.csproj", "{DF783172-1A8B-43BE-8BA0-CE6DAD5B05AA}"
EndProject
Project("{2150E333-8FDC-42A3-9474-1A3956D46DE8}") = "Examples", "Examples", "{F841EB35-9193-424D-BA27-8A042F1BC68A}"
EndProject
Project("{FAE04EC0-301F-11D3-BF4B-00C04F79EFBC}") = "Calculator", "..\Examples\Calculator\Calculator.csproj", "{93647646-0D52-4996-9B46-A68052DF5DC7}"
EndProject
Global
	GlobalSection(SolutionConfigurationPlatforms) = preSolution
		Debug|Any CPU = Debug|Any CPU
		Release|Any CPU = Release|Any CPU
	EndGlobalSection
	GlobalSection(ProjectConfigurationPlatforms) = postSolution
		{DF783172-1A8B-43BE-8BA0-CE6DAD5B05AA}.Debug|Any CPU.ActiveCfg = Debug|Any CPU
		{DF783172-1A8B-43BE-8BA0-CE6DAD5B05AA}.Debug|Any CPU.Build.0 = Debug|Any CPU
		{DF783172-1A8B-43BE-8BA0-CE6DAD5B05AA}.Release|Any CPU.ActiveCfg = Release|Any CPU
		{DF783172-1A8B-43BE-8BA0-CE6DAD5B05AA}.Release|Any CPU.Build.0 = Release|Any CPU
		{93647646-0D52-4996-9B46-A68052DF5DC7}.Debug|Any CPU.ActiveCfg = Debug|Any CPU
		{93647646-0D52-4996-9B46-A68052DF5DC7}.Debug|Any CPU.Build.0 = Debug|Any CPU
		{93647646-0D52-4996-9B46-A68052DF5DC7}.Release|Any CPU.ActiveCfg = Release|Any CPU
		{93647646-0D52-4996-9B46-A68052DF5DC7}.Release|Any CPU.Build.0 = Release|Any CPU
	EndGlobalSection
	GlobalSection(SolutionProperties) = preSolution
		HideSolutionNode = FALSE
	EndGlobalSection
	GlobalSection(NestedProjects) = preSolution
		{93647646-0D52-4996-9B46-A68052DF5DC7} = {F841EB35-9193-424D-BA27-8A042F1BC68A}
	EndGlobalSection
EndGlobal
